
Microsoft Visual Studio Solution File, Format Version 12.00
# Visual Studio Version 17
VisualStudioVersion = 17.5.002.0
MinimumVisualStudioVersion = 10.0.40219.1
Project("{2150E333-8FDC-42A3-9474-1A3956D46DE8}") = "Agosto - Introduccion", "Agosto - Introduccion", "{BADCF802-F6FB-4603-8684-E11D96192E14}"
EndProject
Project("{9A19103F-16F7-4668-BE54-9A1E7A4F7556}") = "Mi primer consola en C#", "Agosto - Introduccion\C#\Mi primer consola en C#.csproj", "{5AA27A25-60D1-4E0F-9114-578AB0839289}"
EndProject
Global
	GlobalSection(SolutionConfigurationPlatforms) = preSolution
		Debug|Any CPU = Debug|Any CPU
		Release|Any CPU = Release|Any CPU
	EndGlobalSection
	GlobalSection(ProjectConfigurationPlatforms) = postSolution
		{5AA27A25-60D1-4E0F-9114-578AB0839289}.Debug|Any CPU.ActiveCfg = Debug|Any CPU
		{5AA27A25-60D1-4E0F-9114-578AB0839289}.Debug|Any CPU.Build.0 = Debug|Any CPU
		{5AA27A25-60D1-4E0F-9114-578AB0839289}.Release|Any CPU.ActiveCfg = Release|Any CPU
		{5AA27A25-60D1-4E0F-9114-578AB0839289}.Release|Any CPU.Build.0 = Release|Any CPU
	EndGlobalSection
	GlobalSection(SolutionProperties) = preSolution
		HideSolutionNode = FALSE
	EndGlobalSection
	GlobalSection(NestedProjects) = preSolution
		{5AA27A25-60D1-4E0F-9114-578AB0839289} = {BADCF802-F6FB-4603-8684-E11D96192E14}
	EndGlobalSection
	GlobalSection(ExtensibilityGlobals) = postSolution
		SolutionGuid = {92C4FFE0-5A5D-4973-B273-AC6942C172A9}
	EndGlobalSection
EndGlobal
